{
    "requires": true,
    "lockfileVersion": 1,
    "dependencies": {
        "axios": {
            "version": "0.18.0",
            "resolved": "https://registry.npmjs.org/axios/-/axios-0.18.0.tgz",
            "integrity": "sha1-MtU+SFHv3AoRmTts0AB4nXDAUQI=",
            "dev": true,
            "requires": {
                "follow-redirects": "1.6.1",
                "is-buffer": "1.1.6"
            }
        },
        "bulma-calendar": {
            "version": "4.0.2",
            "resolved": "https://registry.npmjs.org/bulma-calendar/-/bulma-calendar-4.0.2.tgz",
            "integrity": "sha512-nVcedvvUlrvJH8jNCZerSZnCKXtxISvDb3nyqIYW0swBnxjZ68GS531C0YssvXIW4C41TvjrkD8z+00FT0DOSg==",
            "requires": {
                "moment": "2.22.2"
            }
        },
        "debug": {
            "version": "3.1.0",
            "resolved": "https://registry.npmjs.org/debug/-/debug-3.1.0.tgz",
            "integrity": "sha512-OX8XqP7/1a9cqkxYw2yXss15f26NKWBpDXQd0/uK/KPqdQhxbPa994hnzjcE2VqQpDslf55723cKPUOGSmMY3g==",
            "dev": true,
            "requires": {
                "ms": "2.0.0"
            }
        },
        "follow-redirects": {
            "version": "1.6.1",
            "resolved": "https://registry.npmjs.org/follow-redirects/-/follow-redirects-1.6.1.tgz",
            "integrity": "sha512-t2JCjbzxQpWvbhts3l6SH1DKzSrx8a+SsaVf4h6bG4kOXUuPYS/kg2Lr4gQSb7eemaHqJkOThF1BGyjlUkO1GQ==",
            "dev": true,
            "requires": {
                "debug": "3.1.0"
            }
        },
        "highcharts": {
            "version": "7.0.1",
            "resolved": "https://registry.npmjs.org/highcharts/-/highcharts-7.0.1.tgz",
            "integrity": "sha512-dB+BuvIt6q2e4M0MgBClOA5FbNqfOpq/hoqQOLBVBSCqXOoCHd2fgEPFuruuyTf6KqiaIKjbRJ4JZd1fImEBYg=="
        },
        "is-buffer": {
            "version": "1.1.6",
            "resolved": "https://registry.npmjs.org/is-buffer/-/is-buffer-1.1.6.tgz",
            "integrity": "sha512-NcdALwpXkTm5Zvvbk7owOUSvVvBKDgKP5/ewfXEznmQFfs4ZRmanOeKBTjRVjka3QFoN6XJ+9F3USqfHqTaU5w==",
            "dev": true
        },
        "moment": {
            "version": "2.22.2",
            "resolved": "https://registry.npmjs.org/moment/-/moment-2.22.2.tgz",
            "integrity": "sha1-PCV/mDn8DpP/UxSWMiOeuQeD/2Y="
        },
        "ms": {
            "version": "2.0.0",
            "resolved": "https://registry.npmjs.org/ms/-/ms-2.0.0.tgz",
            "integrity": "sha1-VgiurfwAvmwpAd9fmGF4jeDVl8g=",
            "dev": true
        },
        "vue": {
            "version": "2.5.21",
            "resolved": "https://registry.npmjs.org/vue/-/vue-2.5.21.tgz",
            "integrity": "sha512-Aejvyyfhn0zjVeLvXd70h4hrE4zZDx1wfZqia6ekkobLmUZ+vNFQer53B4fu0EjWBSiqApxPejzkO1Znt3joxQ==",
            "dev": true
        },
        "vue-search-select": {
            "version": "2.7.1",
            "resolved": "https://registry.npmjs.org/vue-search-select/-/vue-search-select-2.7.1.tgz",
            "integrity": "sha512-4l2r9S2f2gIUTh77N9+HhR+EZPeYrECRpg2rg+ulgPg9qLLvluT+QRhGBfFGZL2Z5sCKhARFpY9Ic8b3gTvwdw=="
        }
    }
}
