{
    "requires": true,
    "lockfileVersion": 1,
    "dependencies": {
        "bulma-calendar": {
            "version": "4.0.2",
            "resolved": "https://registry.npmjs.org/bulma-calendar/-/bulma-calendar-4.0.2.tgz",
            "integrity": "sha512-nVcedvvUlrvJH8jNCZerSZnCKXtxISvDb3nyqIYW0swBnxjZ68GS531C0YssvXIW4C41TvjrkD8z+00FT0DOSg==",
            "requires": {
                "moment": "2.22.2"
            }
        },
        "moment": {
            "version": "2.22.2",
            "resolved": "https://registry.npmjs.org/moment/-/moment-2.22.2.tgz",
            "integrity": "sha1-PCV/mDn8DpP/UxSWMiOeuQeD/2Y="
        }
    }
}
